<?xml version="1.0" encoding="utf-8"?>
<Project ToolsVersion="4.0" xmlns="http://schemas.microsoft.com/developer/msbuild/2003">
  <ItemGroup>
    <Filter Include="Source Files">
      <UniqueIdentifier>{9c387e5f-c4cd-40ad-be66-6c37556e440b}</UniqueIdentifier>
      <Extensions>cpp;c;cxx;rc;def;r;odl;idl;hpj;bat</Extensions>
    </Filter>
    <Filter Include="Header Files">
      <UniqueIdentifier>{ec61615f-740a-4d7c-b8b7-0e0fbf0fc3c8}</UniqueIdentifier>
      <Extensions>h;hpp;hxx;hm;inl</Extensions>
    </Filter>
    <Filter Include="Resource Files">
      <UniqueIdentifier>{d0666f96-133f-46dd-a8ab-a34e8e3d7af9}</UniqueIdentifier>
      <Extensions>ico;cur;bmp;dlg;rc2;rct;bin;rgs;gif;jpg;jpeg;jpe</Extensions>
    </Filter>
  </ItemGroup>
  <ItemGroup>
    <ClCompile Include="DLLMethodForCSharp.cpp">
      <Filter>Source Files</Filter>
    </ClCompile>
    <ClCompile Include="FaceAccessSys.cpp">
      <Filter>Source Files</Filter>
    </ClCompile>
    <ClCompile Include="FaceRecAccessSys.cpp">
      <Filter>Source Files</Filter>
    </ClCompile>
    <ClCompile Include="FASCameraManage.cpp">
      <Filter>Source Files</Filter>
    </ClCompile>
    <ClCompile Include="FASFaceManage.cpp">
      <Filter>Source Files</Filter>
    </ClCompile>
    <ClCompile Include="FASLoginOrLogout.cpp">
      <Filter>Source Files</Filter>
    </ClCompile>
    <ClCompile Include="FASPolicyManage.cpp">
      <Filter>Source Files</Filter>
    </ClCompile>
    <ClCompile Include="FASRecognition.cpp">
      <Filter>Source Files</Filter>
    </ClCompile>
    <ClCompile Include="FASStatusQuery.cpp">
      <Filter>Source Files</Filter>
    </ClCompile>
    <ClCompile Include="lib_json\json_reader.cpp">
      <Filter>Source Files</Filter>
    </ClCompile>
    <ClCompile Include="lib_json\json_value.cpp">
      <Filter>Source Files</Filter>
    </ClCompile>
    <ClCompile Include="lib_json\json_writer.cpp">
      <Filter>Source Files</Filter>
    </ClCompile>
    <ClCompile Include="StdAfx.cpp">
      <Filter>Source Files</Filter>
    </ClCompile>
    <ClCompile Include="Tools.cpp">
      <Filter>Source Files</Filter>
    </ClCompile>
    <ClCompile Include="ToolsForExecute.cpp">
      <Filter>Source Files</Filter>
    </ClCompile>
    <ClCompile Include="ToolsForFaceDB.cpp">
      <Filter>Source Files</Filter>
    </ClCompile>
    <ClCompile Include="ToolsForFaceManage.cpp">
      <Filter>Source Files</Filter>
    </ClCompile>
    <ClCompile Include="ToolsForPolicy.cpp">
      <Filter>Source Files</Filter>
    </ClCompile>
    <ClCompile Include="ToolsForRecognition.cpp">
      <Filter>Source Files</Filter>
    </ClCompile>
  </ItemGroup>
  <ItemGroup>
    <Midl Include="FaceRecAccessSys.odl">
      <Filter>Source Files</Filter>
    </Midl>
  </ItemGroup>
  <ItemGroup>
    <ResourceCompile Include="FaceRecAccessSys.rc">
      <Filter>Source Files</Filter>
    </ResourceCompile>
  </ItemGroup>
  <ItemGroup>
    <ClInclude Include="json\autolink.h">
      <Filter>Header Files</Filter>
    </ClInclude>
    <ClInclude Include="json\config.h">
      <Filter>Header Files</Filter>
    </ClInclude>
    <ClInclude Include="DLLMethodForCSharp.h">
      <Filter>Header Files</Filter>
    </ClInclude>
    <ClInclude Include="FaceAccessSys.h">
      <Filter>Header Files</Filter>
    </ClInclude>
    <ClInclude Include="FaceRecAccessSys.h">
      <Filter>Header Files</Filter>
    </ClInclude>
    <ClInclude Include="FASCameraManage.h">
      <Filter>Header Files</Filter>
    </ClInclude>
    <ClInclude Include="FASFaceManage.h">
      <Filter>Header Files</Filter>
    </ClInclude>
    <ClInclude Include="FASLoginOrLogout.h">
      <Filter>Header Files</Filter>
    </ClInclude>
    <ClInclude Include="FASPolicyManage.h">
      <Filter>Header Files</Filter>
    </ClInclude>
    <ClInclude Include="FASRecognition.h">
      <Filter>Header Files</Filter>
    </ClInclude>
    <ClInclude Include="FASStatusQuery.h">
      <Filter>Header Files</Filter>
    </ClInclude>
    <ClInclude Include="json\features.h">
      <Filter>Header Files</Filter>
    </ClInclude>
    <ClInclude Include="json\forwards.h">
      <Filter>Header Files</Filter>
    </ClInclude>
    <ClInclude Include="json\json.h">
      <Filter>Header Files</Filter>
    </ClInclude>
    <ClInclude Include="lib_json\json_batchallocator.h">
      <Filter>Header Files</Filter>
    </ClInclude>
    <ClInclude Include="json\reader.h">
      <Filter>Header Files</Filter>
    </ClInclude>
    <ClInclude Include="Resource.h">
      <Filter>Header Files</Filter>
    </ClInclude>
    <ClInclude Include="StdAfx.h">
      <Filter>Header Files</Filter>
    </ClInclude>
    <ClInclude Include="Tools.h">
      <Filter>Header Files</Filter>
    </ClInclude>
    <ClInclude Include="ToolsForExecute.h">
      <Filter>Header Files</Filter>
    </ClInclude>
    <ClInclude Include="ToolsForFaceDB.h">
      <Filter>Header Files</Filter>
    </ClInclude>
    <ClInclude Include="ToolsForFaceManage.h">
      <Filter>Header Files</Filter>
    </ClInclude>
    <ClInclude Include="ToolsForPolicy.h">
      <Filter>Header Files</Filter>
    </ClInclude>
    <ClInclude Include="ToolsForRecognition.h">
      <Filter>Header Files</Filter>
    </ClInclude>
    <ClInclude Include="json\value.h">
      <Filter>Header Files</Filter>
    </ClInclude>
    <ClInclude Include="json\writer.h">
      <Filter>Header Files</Filter>
    </ClInclude>
  </ItemGroup>
  <ItemGroup>
    <Text Include="ReadMe.txt" />
  </ItemGroup>
  <ItemGroup>
    <CustomBuild Include="FaceRecAccessSys.def">
      <Filter>Source Files</Filter>
    </CustomBuild>
    <CustomBuild Include="lib_json\json_internalarray.inl">
      <Filter>Header Files</Filter>
    </CustomBuild>
    <CustomBuild Include="lib_json\json_internalmap.inl">
      <Filter>Header Files</Filter>
    </CustomBuild>
    <CustomBuild Include="lib_json\json_valueiterator.inl">
      <Filter>Header Files</Filter>
    </CustomBuild>
    <CustomBuild Include="res\FaceRecAccessSys.rc2">
      <Filter>Resource Files</Filter>
    </CustomBuild>
    <CustomBuild Include="Debug\msado15.tlh" />
  </ItemGroup>
</Project>