<?xml version="1.0" encoding="utf-8"?>
<Project ToolsVersion="4.0" xmlns="http://schemas.microsoft.com/developer/msbuild/2003">
  <ItemGroup>
    <Filter Include="源文件">
      <UniqueIdentifier>{4FC737F1-C7A5-4376-A066-2A32D752A2FF}</UniqueIdentifier>
      <Extensions>cpp;c;cc;cxx;def;odl;idl;hpj;bat;asm;asmx</Extensions>
    </Filter>
    <Filter Include="头文件">
      <UniqueIdentifier>{93995380-89BD-4b04-88EB-625FBE52EBFB}</UniqueIdentifier>
      <Extensions>h;hh;hpp;hxx;hm;inl;inc;xsd</Extensions>
    </Filter>
    <Filter Include="资源文件">
      <UniqueIdentifier>{67DA6AB6-F800-4c08-8B7A-83BB121AAD01}</UniqueIdentifier>
      <Extensions>rc;ico;cur;bmp;dlg;rc2;rct;bin;rgs;gif;jpg;jpeg;jpe;resx;tiff;tif;png;wav;mfcribbon-ms</Extensions>
    </Filter>
  </ItemGroup>
  <ItemGroup>
    <Text Include="ReadMe.txt" />
  </ItemGroup>
  <ItemGroup>
    <ClInclude Include="CrowdAnalyz.h">
      <Filter>头文件</Filter>
    </ClInclude>
    <ClInclude Include="CrowdAnalyzDlg.h">
      <Filter>头文件</Filter>
    </ClInclude>
    <ClInclude Include="stdafx.h">
      <Filter>头文件</Filter>
    </ClInclude>
    <ClInclude Include="targetver.h">
      <Filter>头文件</Filter>
    </ClInclude>
    <ClInclude Include="Resource.h">
      <Filter>头文件</Filter>
    </ClInclude>
    <ClInclude Include="SSJKDlg.h">
      <Filter>头文件</Filter>
    </ClInclude>
    <ClInclude Include="RLKGLDlg.h">
      <Filter>头文件</Filter>
    </ClInclude>
    <ClInclude Include="DTFXKDlg.h">
      <Filter>头文件</Filter>
    </ClInclude>
    <ClInclude Include="SJFXDlg.h">
      <Filter>头文件</Filter>
    </ClInclude>
    <ClInclude Include="LSJLDlg.h">
      <Filter>头文件</Filter>
    </ClInclude>
    <ClInclude Include="SBGLDlg.h">
      <Filter>头文件</Filter>
    </ClInclude>
    <ClInclude Include="XTSZDlg.h">
      <Filter>头文件</Filter>
    </ClInclude>
    <ClInclude Include="Tools.h">
      <Filter>头文件</Filter>
    </ClInclude>
    <ClInclude Include="comboboxxp.h">
      <Filter>头文件</Filter>
    </ClInclude>
    <ClInclude Include="skinscrollbar.h">
      <Filter>头文件</Filter>
    </ClInclude>
    <ClInclude Include="skinscrollwnd.h">
      <Filter>头文件</Filter>
    </ClInclude>
    <ClInclude Include="HCNetSDK.h">
      <Filter>头文件</Filter>
    </ClInclude>
    <ClInclude Include="GeneralDef.h">
      <Filter>头文件</Filter>
    </ClInclude>
    <ClInclude Include="FaceCamServerDll.h">
      <Filter>头文件</Filter>
    </ClInclude>
    <ClInclude Include="Log.h">
      <Filter>头文件</Filter>
    </ClInclude>
  </ItemGroup>
  <ItemGroup>
    <ClCompile Include="CrowdAnalyz.cpp">
      <Filter>源文件</Filter>
    </ClCompile>
    <ClCompile Include="CrowdAnalyzDlg.cpp">
      <Filter>源文件</Filter>
    </ClCompile>
    <ClCompile Include="stdafx.cpp">
      <Filter>源文件</Filter>
    </ClCompile>
    <ClCompile Include="SSJKDlg.cpp">
      <Filter>源文件</Filter>
    </ClCompile>
    <ClCompile Include="RLKGLDlg.cpp">
      <Filter>源文件</Filter>
    </ClCompile>
    <ClCompile Include="DTFXKDlg.cpp">
      <Filter>源文件</Filter>
    </ClCompile>
    <ClCompile Include="SJFXDlg.cpp">
      <Filter>源文件</Filter>
    </ClCompile>
    <ClCompile Include="LSJLDlg.cpp">
      <Filter>源文件</Filter>
    </ClCompile>
    <ClCompile Include="SBGLDlg.cpp">
      <Filter>源文件</Filter>
    </ClCompile>
    <ClCompile Include="XTSZDlg.cpp">
      <Filter>源文件</Filter>
    </ClCompile>
    <ClCompile Include="Tools.cpp">
      <Filter>源文件</Filter>
    </ClCompile>
    <ClCompile Include="ComboBoxXP.cpp">
      <Filter>源文件</Filter>
    </ClCompile>
    <ClCompile Include="skinscrollbar.cpp">
      <Filter>源文件</Filter>
    </ClCompile>
    <ClCompile Include="skinscrollwnd.cpp">
      <Filter>源文件</Filter>
    </ClCompile>
    <ClCompile Include="Log.cpp">
      <Filter>源文件</Filter>
    </ClCompile>
  </ItemGroup>
  <ItemGroup>
    <ResourceCompile Include="CrowdAnalyz.rc">
      <Filter>资源文件</Filter>
    </ResourceCompile>
  </ItemGroup>
  <ItemGroup>
    <None Include="res\CrowdAnalyz.rc2">
      <Filter>资源文件</Filter>
    </None>
  </ItemGroup>
  <ItemGroup>
    <Image Include="res\CrowdAnalyz.ico">
      <Filter>资源文件</Filter>
    </Image>
    <Image Include="res\right.bmp">
      <Filter>资源文件</Filter>
    </Image>
    <Image Include="res\scrollbar.bmp">
      <Filter>资源文件</Filter>
    </Image>
  </ItemGroup>
</Project>